
Microsoft Visual Studio Solution File, Format Version 12.00
# Visual Studio 15
VisualStudioVersion = 15.0.28307.329
MinimumVisualStudioVersion = 10.0.40219.1
Project("{8BC9CEB8-8B4A-11D0-8D11-00A0C91BC942}") = "01-SOLID.01-SingleResponsibilityPrinciple", "01-SOLID.01-SingleResponsibilityPrinciple\01-SOLID.01-SingleResponsibilityPrinciple.vcxproj", "{75DEA231-EBF5-47FA-9169-042D316BEFD3}"
EndProject
Project("{8BC9CEB8-8B4A-11D0-8D11-00A0C91BC942}") = "01-SOLID.02-OpenClosedPrinciple", "01-SOLID.02-OpenClosedPrinciple\01-SOLID.02-OpenClosedPrinciple.vcxproj", "{F4BF8857-5FBC-4993-A45F-08BEECBE0371}"
EndProject
Project("{8BC9CEB8-8B4A-11D0-8D11-00A0C91BC942}") = "01-SOLID.03-LiskovSubstitutionPrinciple", "01-SOLID.03-LiskovSubstitutionPrinciple\01-SOLID.03-LiskovSubstitutionPrinciple.vcxproj", "{D0E06F55-11EE-4FE1-B7B0-E823182BC7C7}"
EndProject
Project("{8BC9CEB8-8B4A-11D0-8D11-00A0C91BC942}") = "01-SOLID.04-InterfaceSegregationPrinciple", "01-SOLID.04-InterfaceSegregationPrinciple\01-SOLID.04-InterfaceSegregationPrinciple.vcxproj", "{FBAF8A62-7670-4398-9044-A485CC402186}"
EndProject
Project("{8BC9CEB8-8B4A-11D0-8D11-00A0C91BC942}") = "01-SOLID.05-DependencyInversionPrinciple", "01-SOLID.05-DependencyInversionPrinciple\01-SOLID.05-DependencyInversionPrinciple.vcxproj", "{E8861976-AEE3-40F3-999A-89E66F825FF6}"
EndProject
Project("{8BC9CEB8-8B4A-11D0-8D11-00A0C91BC942}") = "02-Creational.01-Builder.01-NotUsingBuilder", "02-Creational.01-Builder.01-NotUsingBuilder\02-Creational.01-Builder.01-NotUsingBuilder.vcxproj", "{8C448527-CA48-4C5A-9E3A-AABA0C47E377}"
EndProject
Project("{8BC9CEB8-8B4A-11D0-8D11-00A0C91BC942}") = "02-Creational.01-Builder.02-Builder", "02-Creational.01-Builder.02-Builder\02-Creational.01-Builder.02-Builder.vcxproj", "{E75641BB-5C55-451F-8D64-CDECFA43E6AF}"
EndProject
Project("{8BC9CEB8-8B4A-11D0-8D11-00A0C91BC942}") = "02-Creational.01-Builder.03-FluentBuilder", "02-Creational.01-Builder.03-FluentBuilder\02-Creational.01-Builder.03-FluentBuilder.vcxproj", "{16CA825F-ACF7-4E15-9C81-03F4B0B70E78}"
EndProject
Project("{8BC9CEB8-8B4A-11D0-8D11-00A0C91BC942}") = "02-Creational.01-Builder.04-GroovyStyleBuilder", "02-Creational.01-Builder.04-GroovyStyleBuilder\02-Creational.01-Builder.04-GroovyStyleBuilder.vcxproj", "{988CAE46-FF18-4081-9A1B-245B7C774D5C}"
EndProject
Global
	GlobalSection(SolutionConfigurationPlatforms) = preSolution
		Debug|x64 = Debug|x64
		Debug|x86 = Debug|x86
		Release|x64 = Release|x64
		Release|x86 = Release|x86
	EndGlobalSection
	GlobalSection(ProjectConfigurationPlatforms) = postSolution
		{75DEA231-EBF5-47FA-9169-042D316BEFD3}.Debug|x64.ActiveCfg = Debug|x64
		{75DEA231-EBF5-47FA-9169-042D316BEFD3}.Debug|x64.Build.0 = Debug|x64
		{75DEA231-EBF5-47FA-9169-042D316BEFD3}.Debug|x86.ActiveCfg = Debug|Win32
		{75DEA231-EBF5-47FA-9169-042D316BEFD3}.Debug|x86.Build.0 = Debug|Win32
		{75DEA231-EBF5-47FA-9169-042D316BEFD3}.Release|x64.ActiveCfg = Release|x64
		{75DEA231-EBF5-47FA-9169-042D316BEFD3}.Release|x64.Build.0 = Release|x64
		{75DEA231-EBF5-47FA-9169-042D316BEFD3}.Release|x86.ActiveCfg = Release|Win32
		{75DEA231-EBF5-47FA-9169-042D316BEFD3}.Release|x86.Build.0 = Release|Win32
		{F4BF8857-5FBC-4993-A45F-08BEECBE0371}.Debug|x64.ActiveCfg = Debug|x64
		{F4BF8857-5FBC-4993-A45F-08BEECBE0371}.Debug|x64.Build.0 = Debug|x64
		{F4BF8857-5FBC-4993-A45F-08BEECBE0371}.Debug|x86.ActiveCfg = Debug|Win32
		{F4BF8857-5FBC-4993-A45F-08BEECBE0371}.Debug|x86.Build.0 = Debug|Win32
		{F4BF8857-5FBC-4993-A45F-08BEECBE0371}.Release|x64.ActiveCfg = Release|x64
		{F4BF8857-5FBC-4993-A45F-08BEECBE0371}.Release|x64.Build.0 = Release|x64
		{F4BF8857-5FBC-4993-A45F-08BEECBE0371}.Release|x86.ActiveCfg = Release|Win32
		{F4BF8857-5FBC-4993-A45F-08BEECBE0371}.Release|x86.Build.0 = Release|Win32
		{D0E06F55-11EE-4FE1-B7B0-E823182BC7C7}.Debug|x64.ActiveCfg = Debug|x64
		{D0E06F55-11EE-4FE1-B7B0-E823182BC7C7}.Debug|x64.Build.0 = Debug|x64
		{D0E06F55-11EE-4FE1-B7B0-E823182BC7C7}.Debug|x86.ActiveCfg = Debug|Win32
		{D0E06F55-11EE-4FE1-B7B0-E823182BC7C7}.Debug|x86.Build.0 = Debug|Win32
		{D0E06F55-11EE-4FE1-B7B0-E823182BC7C7}.Release|x64.ActiveCfg = Release|x64
		{D0E06F55-11EE-4FE1-B7B0-E823182BC7C7}.Release|x64.Build.0 = Release|x64
		{D0E06F55-11EE-4FE1-B7B0-E823182BC7C7}.Release|x86.ActiveCfg = Release|Win32
		{D0E06F55-11EE-4FE1-B7B0-E823182BC7C7}.Release|x86.Build.0 = Release|Win32
		{FBAF8A62-7670-4398-9044-A485CC402186}.Debug|x64.ActiveCfg = Debug|x64
		{FBAF8A62-7670-4398-9044-A485CC402186}.Debug|x64.Build.0 = Debug|x64
		{FBAF8A62-7670-4398-9044-A485CC402186}.Debug|x86.ActiveCfg = Debug|Win32
		{FBAF8A62-7670-4398-9044-A485CC402186}.Debug|x86.Build.0 = Debug|Win32
		{FBAF8A62-7670-4398-9044-A485CC402186}.Release|x64.ActiveCfg = Release|x64
		{FBAF8A62-7670-4398-9044-A485CC402186}.Release|x64.Build.0 = Release|x64
		{FBAF8A62-7670-4398-9044-A485CC402186}.Release|x86.ActiveCfg = Release|Win32
		{FBAF8A62-7670-4398-9044-A485CC402186}.Release|x86.Build.0 = Release|Win32
		{E8861976-AEE3-40F3-999A-89E66F825FF6}.Debug|x64.ActiveCfg = Debug|x64
		{E8861976-AEE3-40F3-999A-89E66F825FF6}.Debug|x64.Build.0 = Debug|x64
		{E8861976-AEE3-40F3-999A-89E66F825FF6}.Debug|x86.ActiveCfg = Debug|Win32
		{E8861976-AEE3-40F3-999A-89E66F825FF6}.Debug|x86.Build.0 = Debug|Win32
		{E8861976-AEE3-40F3-999A-89E66F825FF6}.Release|x64.ActiveCfg = Release|x64
		{E8861976-AEE3-40F3-999A-89E66F825FF6}.Release|x64.Build.0 = Release|x64
		{E8861976-AEE3-40F3-999A-89E66F825FF6}.Release|x86.ActiveCfg = Release|Win32
		{E8861976-AEE3-40F3-999A-89E66F825FF6}.Release|x86.Build.0 = Release|Win32
		{8C448527-CA48-4C5A-9E3A-AABA0C47E377}.Debug|x64.ActiveCfg = Debug|x64
		{8C448527-CA48-4C5A-9E3A-AABA0C47E377}.Debug|x64.Build.0 = Debug|x64
		{8C448527-CA48-4C5A-9E3A-AABA0C47E377}.Debug|x86.ActiveCfg = Debug|Win32
		{8C448527-CA48-4C5A-9E3A-AABA0C47E377}.Debug|x86.Build.0 = Debug|Win32
		{8C448527-CA48-4C5A-9E3A-AABA0C47E377}.Release|x64.ActiveCfg = Release|x64
		{8C448527-CA48-4C5A-9E3A-AABA0C47E377}.Release|x64.Build.0 = Release|x64
		{8C448527-CA48-4C5A-9E3A-AABA0C47E377}.Release|x86.ActiveCfg = Release|Win32
		{8C448527-CA48-4C5A-9E3A-AABA0C47E377}.Release|x86.Build.0 = Release|Win32
		{E75641BB-5C55-451F-8D64-CDECFA43E6AF}.Debug|x64.ActiveCfg = Debug|x64
		{E75641BB-5C55-451F-8D64-CDECFA43E6AF}.Debug|x64.Build.0 = Debug|x64
		{E75641BB-5C55-451F-8D64-CDECFA43E6AF}.Debug|x86.ActiveCfg = Debug|Win32
		{E75641BB-5C55-451F-8D64-CDECFA43E6AF}.Debug|x86.Build.0 = Debug|Win32
		{E75641BB-5C55-451F-8D64-CDECFA43E6AF}.Release|x64.ActiveCfg = Release|x64
		{E75641BB-5C55-451F-8D64-CDECFA43E6AF}.Release|x64.Build.0 = Release|x64
		{E75641BB-5C55-451F-8D64-CDECFA43E6AF}.Release|x86.ActiveCfg = Release|Win32
		{E75641BB-5C55-451F-8D64-CDECFA43E6AF}.Release|x86.Build.0 = Release|Win32
		{16CA825F-ACF7-4E15-9C81-03F4B0B70E78}.Debug|x64.ActiveCfg = Debug|x64
		{16CA825F-ACF7-4E15-9C81-03F4B0B70E78}.Debug|x64.Build.0 = Debug|x64
		{16CA825F-ACF7-4E15-9C81-03F4B0B70E78}.Debug|x86.ActiveCfg = Debug|Win32
		{16CA825F-ACF7-4E15-9C81-03F4B0B70E78}.Debug|x86.Build.0 = Debug|Win32
		{16CA825F-ACF7-4E15-9C81-03F4B0B70E78}.Release|x64.ActiveCfg = Release|x64
		{16CA825F-ACF7-4E15-9C81-03F4B0B70E78}.Release|x64.Build.0 = Release|x64
		{16CA825F-ACF7-4E15-9C81-03F4B0B70E78}.Release|x86.ActiveCfg = Release|Win32
		{16CA825F-ACF7-4E15-9C81-03F4B0B70E78}.Release|x86.Build.0 = Release|Win32
		{988CAE46-FF18-4081-9A1B-245B7C774D5C}.Debug|x64.ActiveCfg = Debug|x64
		{988CAE46-FF18-4081-9A1B-245B7C774D5C}.Debug|x64.Build.0 = Debug|x64
		{988CAE46-FF18-4081-9A1B-245B7C774D5C}.Debug|x86.ActiveCfg = Debug|Win32
		{988CAE46-FF18-4081-9A1B-245B7C774D5C}.Debug|x86.Build.0 = Debug|Win32
		{988CAE46-FF18-4081-9A1B-245B7C774D5C}.Release|x64.ActiveCfg = Release|x64
		{988CAE46-FF18-4081-9A1B-245B7C774D5C}.Release|x64.Build.0 = Release|x64
		{988CAE46-FF18-4081-9A1B-245B7C774D5C}.Release|x86.ActiveCfg = Release|Win32
		{988CAE46-FF18-4081-9A1B-245B7C774D5C}.Release|x86.Build.0 = Release|Win32
	EndGlobalSection
	GlobalSection(SolutionProperties) = preSolution
		HideSolutionNode = FALSE
	EndGlobalSection
	GlobalSection(ExtensibilityGlobals) = postSolution
		SolutionGuid = {17380F2C-10D7-477A-9083-6B9494ABD72B}
	EndGlobalSection
EndGlobal
